{
  "nodes": {
    "flake-utils": {
      "inputs": {
        "systems": "systems"
      },
      "locked": {
        "narHash": "sha256-H+Rh19JDwRtpVPAWp64F+rlEtxUWBAQW28eAi3SRSzg=",
        "owner": "numtide",
        "repo": "flake-utils",
        "rev": "cfacdce06f30d2b68473a46042957675eebb3401",
        "type": "github"
      },
      "original": {
        "owner": "numtide",
        "repo": "flake-utils",
        "type": "github"
      }
    },
    "flake-utils_2": {
      "inputs": {
        "systems": "systems_2"
      },
      "locked": {
        "narHash": "sha256-H+Rh19JDwRtpVPAWp64F+rlEtxUWBAQW28eAi3SRSzg=",
        "owner": "numtide",
        "repo": "flake-utils",
        "rev": "cfacdce06f30d2b68473a46042957675eebb3401",
        "type": "github"
      },
      "original": {
        "owner": "numtide",
        "repo": "flake-utils",
        "type": "github"
      }
    },
    "nixpkgs": {
      "locked": {
        "lastModified": 1700851152,
        "narHash": "sha256-3PWITNJZyA3jz5IGREJRfSykM6xSLmD8u5A3WpBCyDM=",
        "rev": "1216a5ba22a93a4a3a3bfdb4bff0f4727c576fcc",
        "revCount": 492333,
        "type": "tarball",
        "url": "https://api.flakehub.com/f/pinned/NixOS/nixpkgs/0.2305.492333%2Brev-1216a5ba22a93a4a3a3bfdb4bff0f4727c576fcc/018c062f-228c-717f-a68e-3d68efbfa794/source.tar.gz"
      },
      "original": {
        "type": "tarball",
        "url": "https://flakehub.com/f/NixOS/nixpkgs/0.2305.%2A.tar.gz"
      }
    },
    "nuenv": {
      "inputs": {
        "nixpkgs": [
          "nixpkgs"
        ],
        "rust-overlay": "rust-overlay"
      },
      "locked": {
        "lastModified": 1,
        "narHash": "sha256-NF5mgnHDy8UXkbYamrxzs6e/VYaOgYDxRPdB8eTIY+w=",
        "rev": "9beb9b3a8c245d56c7882da1c0d443202e96e47c",
        "revCount": 160,
        "type": "tarball",
        "url": "https://api.flakehub.com/f/pinned/DeterminateSystems/nuenv/0.1.160%2Brev-9beb9b3a8c245d56c7882da1c0d443202e96e47c/0189fb87-7845-7d6f-8421-7b0957de85ae/source.tar.gz"
      },
      "original": {
        "type": "tarball",
        "url": "https://flakehub.com/f/DeterminateSystems/nuenv/0.1.%2A.tar.gz"
      }
    },
    "root": {
      "inputs": {
        "nixpkgs": "nixpkgs",
        "nuenv": "nuenv",
        "rust-overlay": "rust-overlay_2"
      }
    },
    "rust-overlay": {
      "inputs": {
        "flake-utils": "flake-utils",
        "nixpkgs": [
          "nuenv",
          "nixpkgs"
        ]
      },
      "locked": {
        "narHash": "sha256-QwVeE9YTgH3LmL7yw2V/hgswL6yorIvYSp4YGI8lZYM=",
        "owner": "oxalica",
        "repo": "rust-overlay",
        "rev": "99df4908445be37ddb2d332580365fce512a7dcf",
        "type": "github"
      },
      "original": {
        "owner": "oxalica",
        "repo": "rust-overlay",
        "type": "github"
      }
    },
    "rust-overlay_2": {
      "inputs": {
        "flake-utils": "flake-utils_2",
        "nixpkgs": [
          "nixpkgs"
        ]
      },
      "locked": {
        "narHash": "sha256-vprUv4maYeo0zW5uyEznXsv6DXwE+lLk4dcyOz6rVBI=",
        "owner": "oxalica",
        "repo": "rust-overlay",
        "rev": "ee42d1bf90ceed1b1d2e4b79f947f7513f3a3506",
        "type": "github"
      },
      "original": {
        "owner": "oxalica",
        "repo": "rust-overlay",
        "type": "github"
      }
    },
    "systems": {
      "locked": {
        "narHash": "sha256-Vy1rq5AaRuLzOxct8nz4T6wlgyUR7zLU309k9mBC768=",
        "owner": "nix-systems",
        "repo": "default",
        "rev": "da67096a3b9bf56a91d16901293e51ba5b49a27e",
        "type": "github"
      },
      "original": {
        "owner": "nix-systems",
        "repo": "default",
        "type": "github"
      }
    },
    "systems_2": {
      "locked": {
        "narHash": "sha256-Vy1rq5AaRuLzOxct8nz4T6wlgyUR7zLU309k9mBC768=",
        "owner": "nix-systems",
        "repo": "default",
        "rev": "da67096a3b9bf56a91d16901293e51ba5b49a27e",
        "type": "github"
      },
      "original": {
        "owner": "nix-systems",
        "repo": "default",
        "type": "github"
      }
    }
  },
  "root": "root",
  "version": 7
}
