{
  "nodes": {
    "flake-utils": {
      "inputs": {
        "systems": "systems"
      },
      "locked": {
        "lastModified": 1681202837,
        "narHash": "sha256-H+Rh19JDwRtpVPAWp64F+rlEtxUWBAQW28eAi3SRSzg=",
        "owner": "numtide",
        "repo": "flake-utils",
        "rev": "cfacdce06f30d2b68473a46042957675eebb3401",
        "type": "github"
      },
      "original": {
        "owner": "numtide",
        "repo": "flake-utils",
        "type": "github"
      }
    },
    "flake-utils_2": {
      "inputs": {
        "systems": "systems_2"
      },
      "locked": {
        "lastModified": 1681202837,
        "narHash": "sha256-H+Rh19JDwRtpVPAWp64F+rlEtxUWBAQW28eAi3SRSzg=",
        "owner": "numtide",
        "repo": "flake-utils",
        "rev": "cfacdce06f30d2b68473a46042957675eebb3401",
        "type": "github"
      },
      "original": {
        "owner": "numtide",
        "repo": "flake-utils",
        "type": "github"
      }
    },
    "nixpkgs": {
      "locked": {
        "lastModified": 1690206472,
        "narHash": "sha256-K7D0W0DLt/3pjrEsbjeX9If7hYCg5/BTVdFIUU1Aqf8=",
        "owner": "NixOS",
        "repo": "nixpkgs",
        "rev": "d890807a3ad5f548a9697ae92197039a7e2da2b5",
        "type": "github"
      },
      "original": {
        "owner": "NixOS",
        "repo": "nixpkgs",
        "type": "github"
      }
    },
    "nuenv": {
      "inputs": {
        "nixpkgs": [
          "nixpkgs"
        ],
        "rust-overlay": "rust-overlay"
      },
      "locked": {
        "lastModified": 1689353929,
        "narHash": "sha256-FpPzsi1h8GQ2cZzybp9aQtvTEi2ntkn05NrZC0yn9hA=",
        "owner": "DeterminateSystems",
        "repo": "nuenv",
        "rev": "24c1d923daf19697e0f88ef1dbd3a9149e060ec8",
        "type": "github"
      },
      "original": {
        "owner": "DeterminateSystems",
        "repo": "nuenv",
        "type": "github"
      }
    },
    "root": {
      "inputs": {
        "nixpkgs": "nixpkgs",
        "nuenv": "nuenv",
        "rust-overlay": "rust-overlay_2"
      }
    },
    "rust-overlay": {
      "inputs": {
        "flake-utils": "flake-utils",
        "nixpkgs": [
          "nuenv",
          "nixpkgs"
        ]
      },
      "locked": {
        "lastModified": 1688610886,
        "narHash": "sha256-Ir5FaBvhBtZ5OGZ3g9rgy4twUcEnyuGEz4QLmxAn9FE=",
        "owner": "oxalica",
        "repo": "rust-overlay",
        "rev": "358d7155300cd64357f9afd14aa3383c2323e5fc",
        "type": "github"
      },
      "original": {
        "owner": "oxalica",
        "repo": "rust-overlay",
        "type": "github"
      }
    },
    "rust-overlay_2": {
      "inputs": {
        "flake-utils": "flake-utils_2",
        "nixpkgs": [
          "nixpkgs"
        ]
      },
      "locked": {
        "lastModified": 1690165277,
        "narHash": "sha256-P3X8iSAu12z+UFxquuntZnR8sXjKwgYHf0wTzgO8I7M=",
        "owner": "oxalica",
        "repo": "rust-overlay",
        "rev": "317c523c09218f27f1da1ec0d06bbd2cbc0c1939",
        "type": "github"
      },
      "original": {
        "owner": "oxalica",
        "repo": "rust-overlay",
        "type": "github"
      }
    },
    "systems": {
      "locked": {
        "lastModified": 1681028828,
        "narHash": "sha256-Vy1rq5AaRuLzOxct8nz4T6wlgyUR7zLU309k9mBC768=",
        "owner": "nix-systems",
        "repo": "default",
        "rev": "da67096a3b9bf56a91d16901293e51ba5b49a27e",
        "type": "github"
      },
      "original": {
        "owner": "nix-systems",
        "repo": "default",
        "type": "github"
      }
    },
    "systems_2": {
      "locked": {
        "lastModified": 1681028828,
        "narHash": "sha256-Vy1rq5AaRuLzOxct8nz4T6wlgyUR7zLU309k9mBC768=",
        "owner": "nix-systems",
        "repo": "default",
        "rev": "da67096a3b9bf56a91d16901293e51ba5b49a27e",
        "type": "github"
      },
      "original": {
        "owner": "nix-systems",
        "repo": "default",
        "type": "github"
      }
    }
  },
  "root": "root",
  "version": 7
}
